
Microsoft Visual Studio Solution File, Format Version 11.00
# Visual Studio 2010
Project("{FAE04EC0-301F-11D3-BF4B-00C04F79EFBC}") = "jxc", "jxc\jxc.csproj", "{F0DA95F6-B50C-44D4-B565-07F4D2E51523}"
EndProject
Global
	GlobalSection(SolutionConfigurationPlatforms) = preSolution
		Debug|Any CPU = Debug|Any CPU
		Release|Any CPU = Release|Any CPU
	EndGlobalSection
	GlobalSection(ProjectConfigurationPlatforms) = postSolution
		{F0DA95F6-B50C-44D4-B565-07F4D2E51523}.Debug|Any CPU.ActiveCfg = Debug|Any CPU
		{F0DA95F6-B50C-44D4-B565-07F4D2E51523}.Debug|Any CPU.Build.0 = Debug|Any CPU
		{F0DA95F6-B50C-44D4-B565-07F4D2E51523}.Release|Any CPU.ActiveCfg = Release|Any CPU
		{F0DA95F6-B50C-44D4-B565-07F4D2E51523}.Release|Any CPU.Build.0 = Release|Any CPU
	EndGlobalSection
	GlobalSection(SolutionProperties) = preSolution
		HideSolutionNode = FALSE
	EndGlobalSection
EndGlobal
